// !$*UTF8*$!
{
	archiveVersion = 1;
	classes = {
	};
	objectVersion = 46;
	objects = {

/* Begin PBXBuildFile section */
		F2481C071E2EE77500CD9834 /* AppDelegate.swift in Sources */ = {isa = PBXBuildFile; fileRef = F2481C061E2EE77500CD9834 /* AppDelegate.swift */; };
		F2481C091E2EE77500CD9834 /* ViewController.swift in Sources */ = {isa = PBXBuildFile; fileRef = F2481C081E2EE77500CD9834 /* ViewController.swift */; };
		F2481C0C1E2EE77500CD9834 /* Main.storyboard in Resources */ = {isa = PBXBuildFile; fileRef = F2481C0A1E2EE77500CD9834 /* Main.storyboard */; };
		F2481C0E1E2EE77500CD9834 /* Assets.xcassets in Resources */ = {isa = PBXBuildFile; fileRef = F2481C0D1E2EE77500CD9834 /* Assets.xcassets */; };
		F2481C111E2EE77500CD9834 /* LaunchScreen.storyboard in Resources */ = {isa = PBXBuildFile; fileRef = F2481C0F1E2EE77500CD9834 /* LaunchScreen.storyboard */; };
/* End PBXBuildFile section */

/* Begin PBXFileReference section */
		F2481C031E2EE77500CD9834 /* Calculator Clone.app */ = {isa = PBXFileReference; explicitFileType = wrapper.application; includeInIndex = 0; path = "Calculator Clone.app"; sourceTree = BUILT_PRODUCTS_DIR; };
		F2481C061E2EE77500CD9834 /* AppDelegate.swift */ = {isa = PBXFileReference; lastKnownFileType = sourcecode.swift; path = AppDelegate.swift; sourceTree = "<group>"; };
		F2481C081E2EE77500CD9834 /* ViewController.swift */ = {isa = PBXFileReference; lastKnownFileType = sourcecode.swift; path = ViewController.swift; sourceTree = "<group>"; };
		F2481C0B1E2EE77500CD9834 /* Base */ = {isa = PBXFileReference; lastKnownFileType = file.storyboard; name = Base; path = Base.lproj/Main.storyboard; sourceTree = "<group>"; };
		F2481C0D1E2EE77500CD9834 /* Assets.xcassets */ = {isa = PBXFileReference; lastKnownFileType = folder.assetcatalog; path = Assets.xcassets; sourceTree = "<group>"; };
		F2481C101E2EE77500CD9834 /* Base */ = {isa = PBXFileReference; lastKnownFileType = file.storyboard; name = Base; path = Base.lproj/LaunchScreen.storyboard; sourceTree = "<group>"; };
		F2481C121E2EE77500CD9834 /* Info.plist */ = {isa = PBXFileReference; lastKnownFileType = text.plist.xml; path = Info.plist; sourceTree = "<group>"; };
/* End PBXFileReference section */

/* Begin PBXFrameworksBuildPhase section */
		F2481C001E2EE77400CD9834 /* Frameworks */ = {
			isa = PBXFrameworksBuildPhase;
			buildActionMask = 2147483647;
			files = (
			);
			runOnlyForDeploymentPostprocessing = 0;
		};
/* End PBXFrameworksBuildPhase section */

/* Begin PBXGroup section */
		F2481BFA1E2EE77400CD9834 = {
			isa = PBXGroup;
			children = (
				F2481C051E2EE77500CD9834 /* Calculator Clone */,
				F2481C041E2EE77500CD9834 /* Products */,
			);
			sourceTree = "<group>";
		};
		F2481C041E2EE77500CD9834 /* Products */ = {
			isa = PBXGroup;
			children = (
				F2481C031E2EE77500CD9834 /* Calculator Clone.app */,
			);
			name = Products;
			sourceTree = "<group>";
		};
		F2481C051E2EE77500CD9834 /* Calculator Clone */ = {
			isa = PBXGroup;
			children = (
				F2481C061E2EE77500CD9834 /* AppDelegate.swift */,
				F2481C081E2EE77500CD9834 /* ViewController.swift */,
				F2481C0A1E2EE77500CD9834 /* Main.storyboard */,
				F2481C0D1E2EE77500CD9834 /* Assets.xcassets */,
				F2481C0F1E2EE77500CD9834 /* LaunchScreen.storyboard */,
				F2481C121E2EE77500CD9834 /* Info.plist */,
			);
			path = "Calculator Clone";
			sourceTree = "<group>";
		};
/* End PBXGroup section */

/* Begin PBXNativeTarget section */
		F2481C021E2EE77400CD9834 /* Calculator Clone */ = {
			isa = PBXNativeTarget;
			buildConfigurationList = F2481C151E2EE77500CD9834 /* Build configuration list for PBXNativeTarget "Calculator Clone" */;
			buildPhases = (
				F2481BFF1E2EE77400CD9834 /* Sources */,
				F2481C001E2EE77400CD9834 /* Frameworks */,
				F2481C011E2EE77400CD9834 /* Resources */,
			);
			buildRules = (
			);
			dependencies = (
			);
			name = "Calculator Clone";
			productName = "Calculator Clone";
			productReference = F2481C031E2EE77500CD9834 /* Calculator Clone.app */;
			productType = "com.apple.product-type.application";
		};
/* End PBXNativeTarget section */

/* Begin PBXProject section */
		F2481BFB1E2EE77400CD9834 /* Project object */ = {
			isa = PBXProject;
			attributes = {
				LastSwiftUpdateCheck = 0820;
				LastUpgradeCheck = 0820;
				ORGANIZATIONNAME = "Serhii Pianykh";
				TargetAttributes = {
					F2481C021E2EE77400CD9834 = {
						CreatedOnToolsVersion = 8.2.1;
						DevelopmentTeam = 2BULHRS882;
						ProvisioningStyle = Automatic;
					};
				};
			};
			buildConfigurationList = F2481BFE1E2EE77400CD9834 /* Build configuration list for PBXProject "Calculator Clone" */;
			compatibilityVersion = "Xcode 3.2";
			developmentRegion = English;
			hasScannedForEncodings = 0;
			knownRegions = (
				en,
				Base,
			);
			mainGroup = F2481BFA1E2EE77400CD9834;
			productRefGroup = F2481C041E2EE77500CD9834 /* Products */;
			projectDirPath = "";
			projectRoot = "";
			targets = (
				F2481C021E2EE77400CD9834 /* Calculator Clone */,
			);
		};
/* End PBXProject section */

/* Begin PBXResourcesBuildPhase section */
		F2481C011E2EE77400CD9834 /* Resources */ = {
			isa = PBXResourcesBuildPhase;
			buildActionMask = 2147483647;
			files = (
				F2481C111E2EE77500CD9834 /* LaunchScreen.storyboard in Resources */,
				F2481C0E1E2EE77500CD9834 /* Assets.xcassets in Resources */,
				F2481C0C1E2EE77500CD9834 /* Main.storyboard in Resources */,
			);
			runOnlyForDeploymentPostprocessing = 0;
		};
/* End PBXResourcesBuildPhase section */

/* Begin PBXSourcesBuildPhase section */
		F2481BFF1E2EE77400CD9834 /* Sources */ = {
			isa = PBXSourcesBuildPhase;
			buildActionMask = 2147483647;
			files = (
				F2481C091E2EE77500CD9834 /* ViewController.swift in Sources */,
				F2481C071E2EE77500CD9834 /* AppDelegate.swift in Sources */,
			);
			runOnlyForDeploymentPostprocessing = 0;
		};
/* End PBXSourcesBuildPhase section */

/* Begin PBXVariantGroup section */
		F2481C0A1E2EE77500CD9834 /* Main.storyboard */ = {
			isa = PBXVariantGroup;
			children = (
				F2481C0B1E2EE77500CD9834 /* Base */,
			);
			name = Main.storyboard;
			sourceTree = "<group>";
		};
		F2481C0F1E2EE77500CD9834 /* LaunchScreen.storyboard */ = {
			isa = PBXVariantGroup;
			children = (
				F2481C101E2EE77500CD9834 /* Base */,
			);
			name = LaunchScreen.storyboard;
			sourceTree = "<group>";
		};
/* End PBXVariantGroup section */

/* Begin XCBuildConfiguration section */
		F2481C131E2EE77500CD9834 /* Debug */ = {
			isa = XCBuildConfiguration;
			buildSettings = {
				ALWAYS_SEARCH_USER_PATHS = NO;
				CLANG_ANALYZER_NONNULL = YES;
				CLANG_CXX_LANGUAGE_STANDARD = "gnu++0x";
				CLANG_CXX_LIBRARY = "libc++";
				CLANG_ENABLE_MODULES = YES;
				CLANG_ENABLE_OBJC_ARC = YES;
				CLANG_WARN_BOOL_CONVERSION = YES;
				CLANG_WARN_CONSTANT_CONVERSION = YES;
				CLANG_WARN_DIRECT_OBJC_ISA_USAGE = YES_ERROR;
				CLANG_WARN_DOCUMENTATION_COMMENTS = YES;
				CLANG_WARN_EMPTY_BODY = YES;
				CLANG_WARN_ENUM_CONVERSION = YES;
				CLANG_WARN_INFINITE_RECURSION = YES;
				CLANG_WARN_INT_CONVERSION = YES;
				CLANG_WARN_OBJC_ROOT_CLASS = YES_ERROR;
				CLANG_WARN_SUSPICIOUS_MOVE = YES;
				CLANG_WARN_UNREACHABLE_CODE = YES;
				CLANG_WARN__DUPLICATE_METHOD_MATCH = YES;
				"CODE_SIGN_IDENTITY[sdk=iphoneos*]" = "iPhone Developer";
				COPY_PHASE_STRIP = NO;
				DEBUG_INFORMATION_FORMAT = dwarf;
				ENABLE_STRICT_OBJC_MSGSEND = YES;
				ENABLE_TESTABILITY = YES;
				GCC_C_LANGUAGE_STANDARD = gnu99;
				GCC_DYNAMIC_NO_PIC = NO;
				GCC_NO_COMMON_BLOCKS = YES;
				GCC_OPTIMIZATION_LEVEL = 0;
				GCC_PREPROCESSOR_DEFINITIONS = (
					"DEBUG=1",
					"$(inherited)",
				);
				GCC_WARN_64_TO_32_BIT_CONVERSION = YES;
				GCC_WARN_ABOUT_RETURN_TYPE = YES_ERROR;
				GCC_WARN_UNDECLARED_SELECTOR = YES;
				GCC_WARN_UNINITIALIZED_AUTOS = YES_AGGRESSIVE;
				GCC_WARN_UNUSED_FUNCTION = YES;
				GCC_WARN_UNUSED_VARIABLE = YES;
				IPHONEOS_DEPLOYMENT_TARGET = 10.2;
				MTL_ENABLE_DEBUG_INFO = YES;
				ONLY_ACTIVE_ARCH = YES;
				SDKROOT = iphoneos;
				SWIFT_ACTIVE_COMPILATION_CONDITIONS = DEBUG;
				SWIFT_OPTIMIZATION_LEVEL = "-Onone";
				TARGETED_DEVICE_FAMILY = "1,2";
			};
			name = Debug;
		};
		F2481C141E2EE77500CD9834 /* Release */ = {
			isa = XCBuildConfiguration;
			buildSettings = {
				ALWAYS_SEARCH_USER_PATHS = NO;
				CLANG_ANALYZER_NONNULL = YES;
				CLANG_CXX_LANGUAGE_STANDARD = "gnu++0x";
				CLANG_CXX_LIBRARY = "libc++";
				CLANG_ENABLE_MODULES = YES;
				CLANG_ENABLE_OBJC_ARC = YES;
				CLANG_WARN_BOOL_CONVERSION = YES;
				CLANG_WARN_CONSTANT_CONVERSION = YES;
				CLANG_WARN_DIRECT_OBJC_ISA_USAGE = YES_ERROR;
				CLANG_WARN_DOCUMENTATION_COMMENTS = YES;
				CLANG_WARN_EMPTY_BODY = YES;
				CLANG_WARN_ENUM_CONVERSION = YES;
				CLANG_WARN_INFINITE_RECURSION = YES;
				CLANG_WARN_INT_CONVERSION = YES;
				CLANG_WARN_OBJC_ROOT_CLASS = YES_ERROR;
				CLANG_WARN_SUSPICIOUS_MOVE = YES;
				CLANG_WARN_UNREACHABLE_CODE = YES;
				CLANG_WARN__DUPLICATE_METHOD_MATCH = YES;
				"CODE_SIGN_IDENTITY[sdk=iphoneos*]" = "iPhone Developer";
				COPY_PHASE_STRIP = NO;
				DEBUG_INFORMATION_FORMAT = "dwarf-with-dsym";
				ENABLE_NS_ASSERTIONS = NO;
				ENABLE_STRICT_OBJC_MSGSEND = YES;
				GCC_C_LANGUAGE_STANDARD = gnu99;
				GCC_NO_COMMON_BLOCKS = YES;
				GCC_WARN_64_TO_32_BIT_CONVERSION = YES;
				GCC_WARN_ABOUT_RETURN_TYPE = YES_ERROR;
				GCC_WARN_UNDECLARED_SELECTOR = YES;
				GCC_WARN_UNINITIALIZED_AUTOS = YES_AGGRESSIVE;
				GCC_WARN_UNUSED_FUNCTION = YES;
				GCC_WARN_UNUSED_VARIABLE = YES;
				IPHONEOS_DEPLOYMENT_TARGET = 10.2;
				MTL_ENABLE_DEBUG_INFO = NO;
				SDKROOT = iphoneos;
				SWIFT_OPTIMIZATION_LEVEL = "-Owholemodule";
				TARGETED_DEVICE_FAMILY = "1,2";
				VALIDATE_PRODUCT = YES;
			};
			name = Release;
		};
		F2481C161E2EE77500CD9834 /* Debug */ = {
			isa = XCBuildConfiguration;
			buildSettings = {
				ASSETCATALOG_COMPILER_APPICON_NAME = AppIcon;
				DEVELOPMENT_TEAM = 2BULHRS882;
				INFOPLIST_FILE = "Calculator Clone/Info.plist";
				LD_RUNPATH_SEARCH_PATHS = "$(inherited) @executable_path/Frameworks";
				PRODUCT_BUNDLE_IDENTIFIER = "serhii.pianykh.Calculator-Clone";
				PRODUCT_NAME = "$(TARGET_NAME)";
				SWIFT_VERSION = 3.0;
			};
			name = Debug;
		};
		F2481C171E2EE77500CD9834 /* Release */ = {
			isa = XCBuildConfiguration;
			buildSettings = {
				ASSETCATALOG_COMPILER_APPICON_NAME = AppIcon;
				DEVELOPMENT_TEAM = 2BULHRS882;
				INFOPLIST_FILE = "Calculator Clone/Info.plist";
				LD_RUNPATH_SEARCH_PATHS = "$(inherited) @executable_path/Frameworks";
				PRODUCT_BUNDLE_IDENTIFIER = "serhii.pianykh.Calculator-Clone";
				PRODUCT_NAME = "$(TARGET_NAME)";
				SWIFT_VERSION = 3.0;
			};
			name = Release;
		};
/* End XCBuildConfiguration section */

/* Begin XCConfigurationList section */
		F2481BFE1E2EE77400CD9834 /* Build configuration list for PBXProject "Calculator Clone" */ = {
			isa = XCConfigurationList;
			buildConfigurations = (
				F2481C131E2EE77500CD9834 /* Debug */,
				F2481C141E2EE77500CD9834 /* Release */,
			);
			defaultConfigurationIsVisible = 0;
			defaultConfigurationName = Release;
		};
		F2481C151E2EE77500CD9834 /* Build configuration list for PBXNativeTarget "Calculator Clone" */ = {
			isa = XCConfigurationList;
			buildConfigurations = (
				F2481C161E2EE77500CD9834 /* Debug */,
				F2481C171E2EE77500CD9834 /* Release */,
			);
			defaultConfigurationIsVisible = 0;
			defaultConfigurationName = Release;
		};
/* End XCConfigurationList section */
	};
	rootObject = F2481BFB1E2EE77400CD9834 /* Project object */;
}
